# THIS IS AN AUTOGENERATED FILE. DO NOT EDIT THIS FILE DIRECTLY.
# yarn lockfile v1


"@actions/core@^1.10.1":
  version "1.11.1"
  resolved "https://registry.yarnpkg.com/@actions/core/-/core-1.11.1.tgz#5c002cb8a146355e4c0e4c156ee1ab391371a1e6"
  integrity sha512-hXJ1rU7I63cMlJpWaeEIATq1nvhOUbhBV0VN3JF6pFup8TDC02Ip7NeZCs4L67tBqPWMLiJINIH7vNRqOQ1IHg==
  dependencies:
    "@actions/exec" "^1.1.1"
    "@actions/http-client" "^2.0.1"

"@actions/exec@^1.1.1":
  version "1.1.1"
  resolved "https://registry.yarnpkg.com/@actions/exec/-/exec-1.1.1.tgz#9c0cfb17e16bf3ed0df4c93d65c0476a93e79e6d"
  integrity sha512-+sCcHHbVdk93a0XT19ECtO/gIXoxvdsgQLzb2fE2/5sIZmWQuluYyjPQtrtTHdU1YzTZ7bAPN4sITq2xi1679w==
  dependencies:
    "@actions/io" "^1.0.1"

"@actions/github@^6.0.0":
  version "6.0.0"
  resolved "https://registry.yarnpkg.com/@actions/github/-/github-6.0.0.tgz#079142a43bd02ea72647bce146310d6d79f9a7c7"
  integrity sha512-alS1QDOQShOI8I1PZQ1Rcm0NTFSH3iLqG4N4av7hzNk9hfRTtM80sqIJqeq4tY+CRQlom1MjKFGqY3MTOfJBzQ==
  dependencies:
    "@actions/http-client" "^2.2.0"
    "@octokit/core" "^5.0.1"
    "@octokit/plugin-paginate-rest" "^9.0.0"
    "@octokit/plugin-rest-endpoint-methods" "^10.0.0"

"@actions/http-client@^2.0.1", "@actions/http-client@^2.2.0":
  version "2.2.3"
  resolved "https://registry.yarnpkg.com/@actions/http-client/-/http-client-2.2.3.tgz#2647c2dd566f95e305be7e6d9fec74b1e2f8e2fb"
  integrity sha512-mx8B4x3I3cFT9QjkC2Jq7s7MhE2qB1p/H3AkxCmvLCpP0Rd+SGnK4QDBQ2yqXQQmJHMYjc7F31q3udB8h4LtNA==
  dependencies:
    tunnel "^0.0.6"
    undici "^5.25.4"

"@actions/io@^1.0.1":
  version "1.1.3"
  resolved "https://registry.yarnpkg.com/@actions/io/-/io-1.1.3.tgz#4cdd8c63513da1e0ef9a10f48ef56c5cf6b137d8"
  integrity sha512-wi9JjgKLYS7U/z8PPbco+PvTb/nRWjeoFlJ1Qer83k/3C5PHQi28hiVdeE2kHXmIL99mQFawx8qt/JPjZilJ8Q==

"@fastify/busboy@^2.0.0":
  version "2.1.1"
  resolved "https://registry.yarnpkg.com/@fastify/busboy/-/busboy-2.1.1.tgz#be2d147596a06fa2490a520a33afc3783a03d4ae"
  integrity sha512-vBZP4NlzfOlarQTn5OM7LZCjK8Me2cPUhjYSkUZrRfDUC/kI72zNvtpG14+4Qr2jBIcM3B0dCYl2t2GCJz/LqA==

"@octokit/auth-token@^4.0.0":
  version "4.0.0"
  resolved "https://registry.yarnpkg.com/@octokit/auth-token/-/auth-token-4.0.0.tgz#5dc4e53b08d8e2641d15b277a36faa63ee6c7df0"
  integrity sha512-tY/msAuJo6ARbK6SPIxZrPBms3xPbfwBrulZe0Wtr/DIY9lje2HeV1uoebShn86mx5cW+u8AG0E+O8G59CJCQQ==

"@octokit/core@^5.0.1":
  version "5.2.1"
  resolved "https://registry.yarnpkg.com/@octokit/core/-/core-5.2.1.tgz#fef1ef8f4e46beb11e96e7c6c6edadc8e60b7d21"
  integrity sha512-HKYp9ayixNMEi/QvYaBOdEeAO0BLFeU7YMAERftAKe1yWpWGN4oZE56HniJ/K+X/pp8r9+rnc1M7i5UW6fCl8A==
  dependencies:
    "@octokit/auth-token" "^4.0.0"
    "@octokit/graphql" "^7.1.0"
    "@octokit/request" "^8.3.1"
    "@octokit/request-error" "^5.1.1"
    "@octokit/types" "^13.0.0"
    before-after-hook "^2.2.0"
    universal-user-agent "^6.0.0"

"@octokit/endpoint@^9.0.6":
  version "9.0.6"
  resolved "https://registry.yarnpkg.com/@octokit/endpoint/-/endpoint-9.0.6.tgz#53ab4c366b794754c8ac2a80648c2ee26e77ef68"
  integrity sha512-H1fNTMA57HbkYNpWF0GqGQ7UoXc8Tnek2RXW0oR185O1StDuc0R54IdqoAmQVfU+gSJ0GADPJ1gkHU74DEI0cA==
  dependencies:
    "@octokit/types" "^13.0.0"
    universal-user-agent "^6.0.0"

"@octokit/graphql@^7.1.0":
  version "7.1.1"
  resolved "https://registry.yarnpkg.com/@octokit/graphql/-/graphql-7.1.1.tgz#319b3c9a8d98ec8c8ebac1395e9b66e180a515e5"
  integrity sha512-3mkDltSfcDUoa176nlGoA32RGjeWJLb39yDbkVFOUHGPLiQN7B1o2UeB2T8E6h8z5wYOMRMPV38VZc/VYNshkA==
  dependencies:
    "@octokit/request" "^8.3.1"
    "@octokit/types" "^13.0.0"
    universal-user-agent "^6.0.0"

"@octokit/openapi-types@^22.2.0":
  version "22.2.0"
  resolved "https://registry.yarnpkg.com/@octokit/openapi-types/-/openapi-types-22.2.0.tgz#75aa6929ff1310e6eb3e0fbb34c59c24f07286d8"
  integrity sha512-QBhVjcUa9W7Wwhm6DBFu6ZZEH1FnN745E7b/fyfQj5W6oZ05xguK4R7R1HmsB2EhS/3bC+uoNBeFd8H1uLkpbA==

"@octokit/plugin-paginate-rest@^9.0.0":
  version "9.2.2"
  resolved "https://registry.yarnpkg.com/@octokit/plugin-paginate-rest/-/plugin-paginate-rest-9.2.2.tgz#f7ee520c4b598f6ce8d5f3cf3a72d32987e53f7f"
  integrity sha512-u3KYWGF1G0WFeUVlT5J2RroG+L2E5rNnB4f4XZBmN5F3pQ/O2oK9H2RgmB8kARgZDqeygXig+r2E8Lr/GxCMAQ==
  dependencies:
    "@octokit/types" "^12.6.0"

"@octokit/plugin-paginate-rest@^9.0.0":
  version "9.2.2"
  resolved "https://registry.yarnpkg.com/@octokit/plugin-paginate-rest/-/plugin-paginate-rest-9.2.2.tgz#f7ee520c4b598f6ce8d5f3cf3a72d32987e53f7f"
  integrity sha512-u3KYWGF1G0WFeUVlT5J2RroG+L2E5rNnB4f4XZBmN5F3pQ/O2oK9H2RgmB8kARgZDqeygXig+r2E8Lr/GxCMAQ==
  dependencies:
    "@octokit/types" "^12.6.0"

"@octokit/openapi-types@^20.0.0":
  version "20.0.0"
  resolved "https://registry.yarnpkg.com/@octokit/openapi-types/-/openapi-types-20.0.0.tgz#817ad47b0e83e364f0e5e1409c43d74d36bc37b3"
  integrity sha512-EtqRBEjp1dL/4V7AWQ3ZJkLhDf4XUY4n9mh3InF5L2L24LNg0PccFp0aOBQ1C5xFW nahil/5dFbI8S56E1Os2g==

"@octokit/plugin-rest-endpoint-methods@^10.0.0":
  version "10.4.1"
  resolved "https://registry.yarnpkg.com/@octokit/plugin-rest-endpoint-methods/-/plugin-rest-endpoint-methods-10.4.1.tgz#62e4a926e2f60c8ed0c1f2cb0d37b47376bbac89"
  integrity sha512-xV1b+ceKV9K4b6Jrg0oM4eFY/Y57QJqJvaxH2axdM15FW+ywyKVtOB1FdpGZhc5XEH/Wm0L7bMpHCigJc2Gdrw==
  dependencies:
    "@octokit/types" "^12.6.0"

"@octokit/request-error@^5.1.1":
  version "5.1.1"
  resolved "https://registry.yarnpkg.com/@octokit/request-error/-/request-error-5.1.1.tgz#b2eaf85ec46e0fa99750ef6ea45be7c51e0f4faa"
  integrity sha512-v9iyEQJH5q4ZQH0q0P9bHw8C0L4T3IHOeGtN3mRbeGcMviOX8mPpM/Yw+G2aBQaGB1LjHrBtkW5qKDXNkzV9CQ==
  dependencies:
    "@octokit/types" "^13.0.0"
    deprecation "^2.0.0"
    once "^1.4.0"

"@octokit/request@^8.3.1":
  version "8.4.1"
  resolved "https://registry.yarnpkg.com/@octokit/request/-/request-8.4.1.tgz#9b15e59f52ab9aa4d5eec7f5e7bb9ff1a2ef8985"
  integrity sha512-qhBFO9D7M0wW1u3D0Uz3gfBbQqguRXqN4s27H6BpN83Oc7d+gb4GEavYj6rSRf0l2uP0Jm6ePzL9TlI68Z1TQQ==
  dependencies:
    "@octokit/endpoint" "^9.0.6"
    "@octokit/request-error" "^5.1.1"
    "@octokit/types" "^13.0.0"
    universal-user-agent "^6.0.0"

"@octokit/types@^12.6.0":
  version "12.6.0"
  resolved "https://registry.yarnpkg.com/@octokit/types/-/types-12.6.0.tgz#5ae12bb23407a2e5280831c4cd7337f17ae0ab4a"
  integrity sha512-1rhSOfRa6H9w4YwK0yrf5faDaDTb+yLyBUKOCV4xtCDB5VmIPqd/v9yr9o6SAzOAlRxMiRiCic6JVM1/kunVkw==
  dependencies:
    "@octokit/openapi-types" "^20.0.0"

"@octokit/types@^13.0.0":
  version "13.6.2"
  resolved "https://registry.yarnpkg.com/@octokit/types/-/types-13.6.2.tgz#e10fc2915b77943419d332a65f4fc0aa2ec9bc00"
  integrity sha512-WNezFg8WUcKPU6Xr3R1w3QfL9r4UOGW6SEA+5Q0r7WKCcH3+H5DdFMsJPGm2FWF6h3JZSlnUPqpYwSF+7WnJkg==
  dependencies:
    "@octokit/openapi-types" "^22.2.0"

before-after-hook@^2.2.0:
  version "2.2.3"
  resolved "https://registry.yarnpkg.com/before-after-hook/-/before-after-hook-2.2.3.tgz#dbf84e4098504df5bb832fc8e5024f2596a73eb7"
  integrity sha512-NzUnlZexiaH/46WDhANlyR2bXRopNg4F/4SAWEua0g9a5B2bErQk/4+WQ3UEfP/x2Fc6rFhTMeiFrc/B5YxEtg==

deprecation@^2.0.0:
  version "2.3.1"
  resolved "https://registry.yarnpkg.com/deprecation/-/deprecation-2.3.1.tgz#63648d3a16e8de2687360e5c497b91722199b0fa"
  integrity sha512-xmHIy4F3scKVwMsQ4WnVaS8bHOx0DmVwRywosKhaILI0ywMDWPtBSku2HNxRvF7jtwDRsoEwYQSfbxj8b7RlJQ==

once@^1.4.0:
  version "1.4.0"
  resolved "https://registry.yarnpkg.com/once/-/once-1.4.0.tgz#583b1aa775961d4b113ac17d9c50baef9dd76bd1"
  integrity sha512-lNaJgI+2Q5URQBkccEKHTQOPaXdUxnZZElQTZY0MFUAuaEqe1E+Nyvgdz/aIyNi6Z9MzO5dv1H8n58/GELp3+w==
  dependencies:
    wrappy "1"

tunnel@^0.0.6:
  version "0.0.6"
  resolved "https://registry.yarnpkg.com/tunnel/-/tunnel-0.0.6.tgz#72f1314b34a5b192db012324df2cc587ca47f92c"
  integrity sha512-1h/Lnq9yajKY2PEbBadPXj3VxsDDu844OnaAo52UVmIzIvwwtBPIuNvkjuzBlTWpfJyUbG3ez0KSBibQkj4ojg==

undici@^5.25.4:
  version "5.28.5"
  resolved "https://registry.yarnpkg.com/undici/-/undici-5.28.5.tgz#4462b33f3b53db01f47c1fe5023bc768c4bfb69b"
  integrity sha512-tICllUU1HkT2MA6fL4SQ1w9Fz+JkD3cwn2MSwZzTByAxfxOqkGzmIe+2P2k/aVqKJLjtB2wA+0KWWq55le02cQ==
  dependencies:
    "@fastify/busboy" "^2.0.0"

universal-user-agent@^6.0.0:
  version "6.0.1"
  resolved "https://registry.yarnpkg.com/universal-user-agent/-/universal-user-agent-6.0.1.tgz#23fb39b92c326c9f0d72aaf93ed4a34b1bb88354"
  integrity sha512-yCzhz6FN2wU1NiiQRogkT45szr0Q2E2U6qZ3qGGK0CzYx5H3IGO5S2gS8rCxZA5LFZ30Yw9BKZrBzX4f3gjnLQ==

wrappy@1:
  version "1.0.2"
  resolved "https://registry.yarnpkg.com/wrappy/-/wrappy-1.0.2.tgz#b5243d8f3ec1aa35f0464606b7e5b6343b092c9d"
  integrity sha512-l4Sp/DRseor9wL6EvV2+TuQn63dMkPjZ/sp9XkghTEbV9KlPS1xUsZ3u7/IQO4wxtcFB4bgpQPRcR3QCvezPcQ==
